
Microsoft Visual Studio Solution File, Format Version 12.00
# Visual Studio Version 17
VisualStudioVersion = 17.3.32929.385
MinimumVisualStudioVersion = 10.0.40219.1
Project("{FAE04EC0-301F-11D3-BF4B-00C04F79EFBC}") = "HandlingExceptions", "HandlingExceptions\HandlingExceptions.csproj", "{303AFDE9-B00E-4F4A-B4B8-0B6510494053}"
EndProject
Global
	GlobalSection(SolutionConfigurationPlatforms) = preSolution
		Debug|Any CPU = Debug|Any CPU
		Release|Any CPU = Release|Any CPU
	EndGlobalSection
	GlobalSection(ProjectConfigurationPlatforms) = postSolution
		{303AFDE9-B00E-4F4A-B4B8-0B6510494053}.Debug|Any CPU.ActiveCfg = Debug|Any CPU
		{303AFDE9-B00E-4F4A-B4B8-0B6510494053}.Debug|Any CPU.Build.0 = Debug|Any CPU
		{303AFDE9-B00E-4F4A-B4B8-0B6510494053}.Release|Any CPU.ActiveCfg = Release|Any CPU
		{303AFDE9-B00E-4F4A-B4B8-0B6510494053}.Release|Any CPU.Build.0 = Release|Any CPU
	EndGlobalSection
	GlobalSection(SolutionProperties) = preSolution
		HideSolutionNode = FALSE
	EndGlobalSection
	GlobalSection(ExtensibilityGlobals) = postSolution
		SolutionGuid = {3CCF6125-3F66-4F54-A096-CBF72A95C8D6}
	EndGlobalSection
EndGlobal
