
Microsoft Visual Studio Solution File, Format Version 12.00
# Visual Studio Version 17
VisualStudioVersion = 17.3.32929.385
MinimumVisualStudioVersion = 10.0.40219.1
Project("{FAE04EC0-301F-11D3-BF4B-00C04F79EFBC}") = "UnderstandingScope", "UnderstandingScope\UnderstandingScope.csproj", "{75205545-7D16-43F1-A232-48D883B6A126}"
EndProject
Global
	GlobalSection(SolutionConfigurationPlatforms) = preSolution
		Debug|Any CPU = Debug|Any CPU
		Release|Any CPU = Release|Any CPU
	EndGlobalSection
	GlobalSection(ProjectConfigurationPlatforms) = postSolution
		{75205545-7D16-43F1-A232-48D883B6A126}.Debug|Any CPU.ActiveCfg = Debug|Any CPU
		{75205545-7D16-43F1-A232-48D883B6A126}.Debug|Any CPU.Build.0 = Debug|Any CPU
		{75205545-7D16-43F1-A232-48D883B6A126}.Release|Any CPU.ActiveCfg = Release|Any CPU
		{75205545-7D16-43F1-A232-48D883B6A126}.Release|Any CPU.Build.0 = Release|Any CPU
	EndGlobalSection
	GlobalSection(SolutionProperties) = preSolution
		HideSolutionNode = FALSE
	EndGlobalSection
	GlobalSection(ExtensibilityGlobals) = postSolution
		SolutionGuid = {171321E3-EB35-41C8-8892-C9B262B5BE66}
	EndGlobalSection
EndGlobal
