
Microsoft Visual Studio Solution File, Format Version 12.00
# Visual Studio Version 17
VisualStudioVersion = 17.3.32929.385
MinimumVisualStudioVersion = 10.0.40219.1
Project("{FAE04EC0-301F-11D3-BF4B-00C04F79EFBC}") = "Useful", "Useful\Useful.csproj", "{93F81094-4B55-411D-8E85-59D61A6ADB92}"
EndProject
Global
	GlobalSection(SolutionConfigurationPlatforms) = preSolution
		Debug|Any CPU = Debug|Any CPU
		Release|Any CPU = Release|Any CPU
	EndGlobalSection
	GlobalSection(ProjectConfigurationPlatforms) = postSolution
		{93F81094-4B55-411D-8E85-59D61A6ADB92}.Debug|Any CPU.ActiveCfg = Debug|Any CPU
		{93F81094-4B55-411D-8E85-59D61A6ADB92}.Debug|Any CPU.Build.0 = Debug|Any CPU
		{93F81094-4B55-411D-8E85-59D61A6ADB92}.Release|Any CPU.ActiveCfg = Release|Any CPU
		{93F81094-4B55-411D-8E85-59D61A6ADB92}.Release|Any CPU.Build.0 = Release|Any CPU
	EndGlobalSection
	GlobalSection(SolutionProperties) = preSolution
		HideSolutionNode = FALSE
	EndGlobalSection
	GlobalSection(ExtensibilityGlobals) = postSolution
		SolutionGuid = {83244F41-7A0A-4647-9795-7ED920398E7F}
	EndGlobalSection
EndGlobal
