
Microsoft Visual Studio Solution File, Format Version 12.00
# Visual Studio Version 17
VisualStudioVersion = 17.3.32929.385
MinimumVisualStudioVersion = 10.0.40219.1
Project("{FAE04EC0-301F-11D3-BF4B-00C04F79EFBC}") = "MyCodeLiblary", "MyCodeLiblary\MyCodeLiblary.csproj", "{083C5131-2EFE-456B-BF30-FEE39A27D125}"
EndProject
Global
	GlobalSection(SolutionConfigurationPlatforms) = preSolution
		Debug|Any CPU = Debug|Any CPU
		Release|Any CPU = Release|Any CPU
	EndGlobalSection
	GlobalSection(ProjectConfigurationPlatforms) = postSolution
		{083C5131-2EFE-456B-BF30-FEE39A27D125}.Debug|Any CPU.ActiveCfg = Debug|Any CPU
		{083C5131-2EFE-456B-BF30-FEE39A27D125}.Debug|Any CPU.Build.0 = Debug|Any CPU
		{083C5131-2EFE-456B-BF30-FEE39A27D125}.Release|Any CPU.ActiveCfg = Release|Any CPU
		{083C5131-2EFE-456B-BF30-FEE39A27D125}.Release|Any CPU.Build.0 = Release|Any CPU
	EndGlobalSection
	GlobalSection(SolutionProperties) = preSolution
		HideSolutionNode = FALSE
	EndGlobalSection
	GlobalSection(ExtensibilityGlobals) = postSolution
		SolutionGuid = {DAF218F6-3B31-4829-9D97-F2A0FECBFB3E}
	EndGlobalSection
EndGlobal
