
Microsoft Visual Studio Solution File, Format Version 12.00
# Visual Studio Version 17
VisualStudioVersion = 17.3.32929.385
MinimumVisualStudioVersion = 10.0.40219.1
Project("{FAE04EC0-301F-11D3-BF4B-00C04F79EFBC}") = "ForIteration", "ForIteration\ForIteration.csproj", "{8326DE90-86BC-4C01-8780-AE82137FD177}"
EndProject
Global
	GlobalSection(SolutionConfigurationPlatforms) = preSolution
		Debug|Any CPU = Debug|Any CPU
		Release|Any CPU = Release|Any CPU
	EndGlobalSection
	GlobalSection(ProjectConfigurationPlatforms) = postSolution
		{8326DE90-86BC-4C01-8780-AE82137FD177}.Debug|Any CPU.ActiveCfg = Debug|Any CPU
		{8326DE90-86BC-4C01-8780-AE82137FD177}.Debug|Any CPU.Build.0 = Debug|Any CPU
		{8326DE90-86BC-4C01-8780-AE82137FD177}.Release|Any CPU.ActiveCfg = Release|Any CPU
		{8326DE90-86BC-4C01-8780-AE82137FD177}.Release|Any CPU.Build.0 = Release|Any CPU
	EndGlobalSection
	GlobalSection(SolutionProperties) = preSolution
		HideSolutionNode = FALSE
	EndGlobalSection
	GlobalSection(ExtensibilityGlobals) = postSolution
		SolutionGuid = {EC93368F-7BAF-4552-896E-78BE8CE30163}
	EndGlobalSection
EndGlobal
