
Microsoft Visual Studio Solution File, Format Version 12.00
# Visual Studio Version 17
VisualStudioVersion = 17.3.32929.385
MinimumVisualStudioVersion = 10.0.40219.1
Project("{FAE04EC0-301F-11D3-BF4B-00C04F79EFBC}") = "Decisions", "Decisions\Decisions.csproj", "{AB631D09-2140-4FDD-BCF3-E74522661F8A}"
EndProject
Global
	GlobalSection(SolutionConfigurationPlatforms) = preSolution
		Debug|Any CPU = Debug|Any CPU
		Release|Any CPU = Release|Any CPU
	EndGlobalSection
	GlobalSection(ProjectConfigurationPlatforms) = postSolution
		{AB631D09-2140-4FDD-BCF3-E74522661F8A}.Debug|Any CPU.ActiveCfg = Debug|Any CPU
		{AB631D09-2140-4FDD-BCF3-E74522661F8A}.Debug|Any CPU.Build.0 = Debug|Any CPU
		{AB631D09-2140-4FDD-BCF3-E74522661F8A}.Release|Any CPU.ActiveCfg = Release|Any CPU
		{AB631D09-2140-4FDD-BCF3-E74522661F8A}.Release|Any CPU.Build.0 = Release|Any CPU
	EndGlobalSection
	GlobalSection(SolutionProperties) = preSolution
		HideSolutionNode = FALSE
	EndGlobalSection
	GlobalSection(ExtensibilityGlobals) = postSolution
		SolutionGuid = {5C3EF122-8F8F-42F1-BE0E-8301C51A4A95}
	EndGlobalSection
EndGlobal
